
Microsoft Visual Studio Solution File, Format Version 12.00
# Visual Studio 15
VisualStudioVersion = 15.0.27428.2015
MinimumVisualStudioVersion = 10.0.40219.1
Project("{FAE04EC0-301F-11D3-BF4B-00C04F79EFBC}") = "tema1", "tema1\tema1.csproj", "{016B3CF7-AC1D-4C05-9B9B-8C85547A386E}"
EndProject
Global
	GlobalSection(SolutionConfigurationPlatforms) = preSolution
		Debug|Any CPU = Debug|Any CPU
		Release|Any CPU = Release|Any CPU
	EndGlobalSection
	GlobalSection(ProjectConfigurationPlatforms) = postSolution
		{016B3CF7-AC1D-4C05-9B9B-8C85547A386E}.Debug|Any CPU.ActiveCfg = Debug|Any CPU
		{016B3CF7-AC1D-4C05-9B9B-8C85547A386E}.Debug|Any CPU.Build.0 = Debug|Any CPU
		{016B3CF7-AC1D-4C05-9B9B-8C85547A386E}.Release|Any CPU.ActiveCfg = Release|Any CPU
		{016B3CF7-AC1D-4C05-9B9B-8C85547A386E}.Release|Any CPU.Build.0 = Release|Any CPU
	EndGlobalSection
	GlobalSection(SolutionProperties) = preSolution
		HideSolutionNode = FALSE
	EndGlobalSection
	GlobalSection(ExtensibilityGlobals) = postSolution
		SolutionGuid = {7DFA3F31-4095-4476-9847-EA4A05B4175F}
	EndGlobalSection
EndGlobal
